
Microsoft Visual Studio Solution File, Format Version 12.00
# Visual Studio Version 17
VisualStudioVersion = 17.13.35931.197
MinimumVisualStudioVersion = 10.0.40219.1
Project("{FAE04EC0-301F-11D3-BF4B-00C04F79EFBC}") = "FirstDegree", "FirstDegree\FirstDegree.csproj", "{3593F48A-DED7-4560-8546-5571B39C693E}"
EndProject
Project("{FAE04EC0-301F-11D3-BF4B-00C04F79EFBC}") = "SimpleCalculation", "SimpleCalculation\SimpleCalculation.csproj", "{A00E23C9-D512-4E6E-9AE0-7FE7794D84F8}"
EndProject
Project("{FAE04EC0-301F-11D3-BF4B-00C04F79EFBC}") = "FullStructureProject", "FullStructureProject\FullStructureProject.csproj", "{2E6C4633-9245-4488-B7DF-92E31FC8C577}"
EndProject
Project("{FAE04EC0-301F-11D3-BF4B-00C04F79EFBC}") = "VarAndDynamic", "VarAndDynamic\VarAndDynamic.csproj", "{2D36EEEA-B62E-496D-9F22-3595B28A72AD}"
EndProject
Project("{FAE04EC0-301F-11D3-BF4B-00C04F79EFBC}") = "QuadraticEquation", "QuadraticEquation\QuadraticEquation.csproj", "{951560B9-C935-4671-87F1-DC56BD149003}"
EndProject
Project("{FAE04EC0-301F-11D3-BF4B-00C04F79EFBC}") = "StringInteraction", "StringInteraction\StringInteraction.csproj", "{0C5FC405-C899-4E4A-83B5-151DB56A65D6}"
EndProject
Project("{FAE04EC0-301F-11D3-BF4B-00C04F79EFBC}") = "CallbyReference", "CallbyReference\CallbyReference.csproj", "{3AC2CAEE-8EA2-4C1C-8710-A79E487AAC4B}"
EndProject
Project("{FAE04EC0-301F-11D3-BF4B-00C04F79EFBC}") = "TryParseVaLoop", "TryParseVaLoop\TryParseVaLoop.csproj", "{9DFDCADA-6648-4AC8-B2AF-E5ACE350BEB1}"
EndProject
Project("{FAE04EC0-301F-11D3-BF4B-00C04F79EFBC}") = "parmasforarray", "parmasforarray\parmasforarray.csproj", "{06F18F00-8DB5-4702-B879-93EE4EE55902}"
EndProject
Project("{FAE04EC0-301F-11D3-BF4B-00C04F79EFBC}") = "StaticAndNonStaticMethod", "StaticAndNonStaticMethod\StaticAndNonStaticMethod.csproj", "{4113A9A7-7999-41ED-B266-C6484FCEADDB}"
EndProject
Project("{FAE04EC0-301F-11D3-BF4B-00C04F79EFBC}") = "TuplesSample", "TuplesSample\TuplesSample.csproj", "{52EBA7A0-761F-4376-9780-F2D4C7A4AD66}"
EndProject
Project("{FAE04EC0-301F-11D3-BF4B-00C04F79EFBC}") = "SortArray", "SortArray\SortArray.csproj", "{3CE06E6F-36A4-40C6-8218-FFB92FDCD56B}"
EndProject
Project("{FAE04EC0-301F-11D3-BF4B-00C04F79EFBC}") = "NestedLoop", "NestedLoop\NestedLoop.csproj", "{2C9099E5-406F-41C8-85C1-762CC222534A}"
EndProject
Project("{FAE04EC0-301F-11D3-BF4B-00C04F79EFBC}") = "OOP1", "OOP1\OOP1.csproj", "{0E8399C6-8366-4DD8-B393-6BE0065A72A2}"
EndProject
Project("{FAE04EC0-301F-11D3-BF4B-00C04F79EFBC}") = "OOP2", "OOP2\OOP2.csproj", "{69A63002-B26D-4A40-A526-DB86236B2479}"
EndProject
Project("{FAE04EC0-301F-11D3-BF4B-00C04F79EFBC}") = "OOP3_ExtensionMethod", "OOP3_ExtensionMethod\OOP3_ExtensionMethod.csproj", "{E6256603-D855-4104-B11F-C68D6DD01128}"
EndProject
Project("{FAE04EC0-301F-11D3-BF4B-00C04F79EFBC}") = "OOP2_Reuse_As_Library", "OOP2_Reuse_As_Library\OOP2_Reuse_As_Library.csproj", "{DE27995D-31F6-4D79-BAC8-BB2C6119A112}"
EndProject
Project("{FAE04EC0-301F-11D3-BF4B-00C04F79EFBC}") = "OOP4_Generic_Collection", "OOP4_Generic_Collection\OOP4_Generic_Collection.csproj", "{A3640AFC-8E17-46DD-BB76-629A7C844384}"
EndProject
Project("{FAE04EC0-301F-11D3-BF4B-00C04F79EFBC}") = "OOP5_Dictionary", "OOP5_Dictionary\OOP5_Dictionary.csproj", "{F68E7694-908D-4EF4-9BD8-0CDE5A1E276B}"
EndProject
Project("{2150E333-8FDC-42A3-9474-1A3956D46DE8}") = "Chapter5", "Chapter5", "{02EA681E-C7D8-13C7-8484-4AC65E1B71E8}"
EndProject
Project("{FAE04EC0-301F-11D3-BF4B-00C04F79EFBC}") = "BuilderPattern", "BuilderPattern\BuilderPattern.csproj", "{044DE341-433F-5702-4D82-2BB3FD3832E3}"
EndProject
Project("{FAE04EC0-301F-11D3-BF4B-00C04F79EFBC}") = "FactoriesPattern", "FactoriesPattern\FactoriesPattern.csproj", "{15ADFCBE-9B56-7B0A-7AE5-771D29B1F4C9}"
EndProject
Project("{FAE04EC0-301F-11D3-BF4B-00C04F79EFBC}") = "ObserverPattern", "ObserverPattern\ObserverPattern.csproj", "{FEBF851F-917B-C45E-D2B8-7873FE9FDB40}"
EndProject
Project("{FAE04EC0-301F-11D3-BF4B-00C04F79EFBC}") = "PrototypePattern", "PrototypePattern\PrototypePattern.csproj", "{92C92FD4-253A-352A-CA1D-8ACA5E5F3868}"
EndProject
Project("{FAE04EC0-301F-11D3-BF4B-00C04F79EFBC}") = "SingletonPattern", "SingletonPattern\SingletonPattern.csproj", "{FABC0CC8-7E79-3D9B-8D56-17C4207BB104}"
EndProject
Project("{FAE04EC0-301F-11D3-BF4B-00C04F79EFBC}") = "DemoAliasAndClone", "DemoAliasAndClone\DemoAliasAndClone.csproj", "{516608AC-D5C6-4614-AE74-DD4D81028E54}"
EndProject
Project("{2150E333-8FDC-42A3-9474-1A3956D46DE8}") = "Chapter6", "Chapter6", "{73A9B878-7AAD-438B-B6AF-FC6CCB9173A0}"
EndProject
Project("{FAE04EC0-301F-11D3-BF4B-00C04F79EFBC}") = "DemoDelegate", "DemoDelegate\DemoDelegate.csproj", "{9D5AC410-CF9D-49FE-A348-9A892B4A0E12}"
EndProject
Project("{FAE04EC0-301F-11D3-BF4B-00C04F79EFBC}") = "DemoLINQ2Object1", "DemoLINQ2Object1\DemoLINQ2Object1.csproj", "{D01918B4-B697-4977-922A-2F412827608C}"
EndProject
Project("{FAE04EC0-301F-11D3-BF4B-00C04F79EFBC}") = "DemoLINQ2Object2", "DemoLINQ2Object2\DemoLINQ2Object2.csproj", "{866AD9B2-CE76-4383-8B68-720D6A214313}"
EndProject
Project("{FAE04EC0-301F-11D3-BF4B-00C04F79EFBC}") = "DemoLINQ2SQL", "DemoLINQ2SQL\DemoLINQ2SQL.csproj", "{7EE80577-D4A1-4452-ACFB-F6D6B2DED6F4}"
EndProject
Project("{FAE04EC0-301F-11D3-BF4B-00C04F79EFBC}") = "Lucy_SalesManagement", "Lucy_SalesManagement\Lucy_SalesManagement.csproj", "{EB815C14-6998-463C-865F-EFF2DC2639EA}"
EndProject
Project("{2150E333-8FDC-42A3-9474-1A3956D46DE8}") = "Chapter7", "Chapter7", "{5AF4DD5F-A630-4FBF-B914-3B14A48F56A6}"
EndProject
Project("{FAE04EC0-301F-11D3-BF4B-00C04F79EFBC}") = "HelloWpfApp", "HelloWpfApp\HelloWpfApp.csproj", "{888164EA-0FA4-4481-921A-0BC009EA7E40}"
EndProject
Project("{FAE04EC0-301F-11D3-BF4B-00C04F79EFBC}") = "ButtonControl_TonHop", "ButtonControl_TonHop\ButtonControl_TonHop.csproj", "{4CAE9788-39C3-4C85-84D7-796C55329860}"
EndProject
Global
	GlobalSection(SolutionConfigurationPlatforms) = preSolution
		Debug|Any CPU = Debug|Any CPU
		Release|Any CPU = Release|Any CPU
	EndGlobalSection
	GlobalSection(ProjectConfigurationPlatforms) = postSolution
		{3593F48A-DED7-4560-8546-5571B39C693E}.Debug|Any CPU.ActiveCfg = Debug|Any CPU
		{3593F48A-DED7-4560-8546-5571B39C693E}.Debug|Any CPU.Build.0 = Debug|Any CPU
		{3593F48A-DED7-4560-8546-5571B39C693E}.Release|Any CPU.ActiveCfg = Release|Any CPU
		{3593F48A-DED7-4560-8546-5571B39C693E}.Release|Any CPU.Build.0 = Release|Any CPU
		{A00E23C9-D512-4E6E-9AE0-7FE7794D84F8}.Debug|Any CPU.ActiveCfg = Debug|Any CPU
		{A00E23C9-D512-4E6E-9AE0-7FE7794D84F8}.Debug|Any CPU.Build.0 = Debug|Any CPU
		{A00E23C9-D512-4E6E-9AE0-7FE7794D84F8}.Release|Any CPU.ActiveCfg = Release|Any CPU
		{A00E23C9-D512-4E6E-9AE0-7FE7794D84F8}.Release|Any CPU.Build.0 = Release|Any CPU
		{2E6C4633-9245-4488-B7DF-92E31FC8C577}.Debug|Any CPU.ActiveCfg = Debug|Any CPU
		{2E6C4633-9245-4488-B7DF-92E31FC8C577}.Debug|Any CPU.Build.0 = Debug|Any CPU
		{2E6C4633-9245-4488-B7DF-92E31FC8C577}.Release|Any CPU.ActiveCfg = Release|Any CPU
		{2E6C4633-9245-4488-B7DF-92E31FC8C577}.Release|Any CPU.Build.0 = Release|Any CPU
		{2D36EEEA-B62E-496D-9F22-3595B28A72AD}.Debug|Any CPU.ActiveCfg = Debug|Any CPU
		{2D36EEEA-B62E-496D-9F22-3595B28A72AD}.Debug|Any CPU.Build.0 = Debug|Any CPU
		{2D36EEEA-B62E-496D-9F22-3595B28A72AD}.Release|Any CPU.ActiveCfg = Release|Any CPU
		{2D36EEEA-B62E-496D-9F22-3595B28A72AD}.Release|Any CPU.Build.0 = Release|Any CPU
		{951560B9-C935-4671-87F1-DC56BD149003}.Debug|Any CPU.ActiveCfg = Debug|Any CPU
		{951560B9-C935-4671-87F1-DC56BD149003}.Debug|Any CPU.Build.0 = Debug|Any CPU
		{951560B9-C935-4671-87F1-DC56BD149003}.Release|Any CPU.ActiveCfg = Release|Any CPU
		{951560B9-C935-4671-87F1-DC56BD149003}.Release|Any CPU.Build.0 = Release|Any CPU
		{0C5FC405-C899-4E4A-83B5-151DB56A65D6}.Debug|Any CPU.ActiveCfg = Debug|Any CPU
		{0C5FC405-C899-4E4A-83B5-151DB56A65D6}.Debug|Any CPU.Build.0 = Debug|Any CPU
		{0C5FC405-C899-4E4A-83B5-151DB56A65D6}.Release|Any CPU.ActiveCfg = Release|Any CPU
		{0C5FC405-C899-4E4A-83B5-151DB56A65D6}.Release|Any CPU.Build.0 = Release|Any CPU
		{3AC2CAEE-8EA2-4C1C-8710-A79E487AAC4B}.Debug|Any CPU.ActiveCfg = Debug|Any CPU
		{3AC2CAEE-8EA2-4C1C-8710-A79E487AAC4B}.Debug|Any CPU.Build.0 = Debug|Any CPU
		{3AC2CAEE-8EA2-4C1C-8710-A79E487AAC4B}.Release|Any CPU.ActiveCfg = Release|Any CPU
		{3AC2CAEE-8EA2-4C1C-8710-A79E487AAC4B}.Release|Any CPU.Build.0 = Release|Any CPU
		{9DFDCADA-6648-4AC8-B2AF-E5ACE350BEB1}.Debug|Any CPU.ActiveCfg = Debug|Any CPU
		{9DFDCADA-6648-4AC8-B2AF-E5ACE350BEB1}.Debug|Any CPU.Build.0 = Debug|Any CPU
		{9DFDCADA-6648-4AC8-B2AF-E5ACE350BEB1}.Release|Any CPU.ActiveCfg = Release|Any CPU
		{9DFDCADA-6648-4AC8-B2AF-E5ACE350BEB1}.Release|Any CPU.Build.0 = Release|Any CPU
		{06F18F00-8DB5-4702-B879-93EE4EE55902}.Debug|Any CPU.ActiveCfg = Debug|Any CPU
		{06F18F00-8DB5-4702-B879-93EE4EE55902}.Debug|Any CPU.Build.0 = Debug|Any CPU
		{06F18F00-8DB5-4702-B879-93EE4EE55902}.Release|Any CPU.ActiveCfg = Release|Any CPU
		{06F18F00-8DB5-4702-B879-93EE4EE55902}.Release|Any CPU.Build.0 = Release|Any CPU
		{4113A9A7-7999-41ED-B266-C6484FCEADDB}.Debug|Any CPU.ActiveCfg = Debug|Any CPU
		{4113A9A7-7999-41ED-B266-C6484FCEADDB}.Debug|Any CPU.Build.0 = Debug|Any CPU
		{4113A9A7-7999-41ED-B266-C6484FCEADDB}.Release|Any CPU.ActiveCfg = Release|Any CPU
		{4113A9A7-7999-41ED-B266-C6484FCEADDB}.Release|Any CPU.Build.0 = Release|Any CPU
		{52EBA7A0-761F-4376-9780-F2D4C7A4AD66}.Debug|Any CPU.ActiveCfg = Debug|Any CPU
		{52EBA7A0-761F-4376-9780-F2D4C7A4AD66}.Debug|Any CPU.Build.0 = Debug|Any CPU
		{52EBA7A0-761F-4376-9780-F2D4C7A4AD66}.Release|Any CPU.ActiveCfg = Release|Any CPU
		{52EBA7A0-761F-4376-9780-F2D4C7A4AD66}.Release|Any CPU.Build.0 = Release|Any CPU
		{3CE06E6F-36A4-40C6-8218-FFB92FDCD56B}.Debug|Any CPU.ActiveCfg = Debug|Any CPU
		{3CE06E6F-36A4-40C6-8218-FFB92FDCD56B}.Debug|Any CPU.Build.0 = Debug|Any CPU
		{3CE06E6F-36A4-40C6-8218-FFB92FDCD56B}.Release|Any CPU.ActiveCfg = Release|Any CPU
		{3CE06E6F-36A4-40C6-8218-FFB92FDCD56B}.Release|Any CPU.Build.0 = Release|Any CPU
		{2C9099E5-406F-41C8-85C1-762CC222534A}.Debug|Any CPU.ActiveCfg = Debug|Any CPU
		{2C9099E5-406F-41C8-85C1-762CC222534A}.Debug|Any CPU.Build.0 = Debug|Any CPU
		{2C9099E5-406F-41C8-85C1-762CC222534A}.Release|Any CPU.ActiveCfg = Release|Any CPU
		{2C9099E5-406F-41C8-85C1-762CC222534A}.Release|Any CPU.Build.0 = Release|Any CPU
		{0E8399C6-8366-4DD8-B393-6BE0065A72A2}.Debug|Any CPU.ActiveCfg = Debug|Any CPU
		{0E8399C6-8366-4DD8-B393-6BE0065A72A2}.Debug|Any CPU.Build.0 = Debug|Any CPU
		{0E8399C6-8366-4DD8-B393-6BE0065A72A2}.Release|Any CPU.ActiveCfg = Release|Any CPU
		{0E8399C6-8366-4DD8-B393-6BE0065A72A2}.Release|Any CPU.Build.0 = Release|Any CPU
		{69A63002-B26D-4A40-A526-DB86236B2479}.Debug|Any CPU.ActiveCfg = Debug|Any CPU
		{69A63002-B26D-4A40-A526-DB86236B2479}.Debug|Any CPU.Build.0 = Debug|Any CPU
		{69A63002-B26D-4A40-A526-DB86236B2479}.Release|Any CPU.ActiveCfg = Release|Any CPU
		{69A63002-B26D-4A40-A526-DB86236B2479}.Release|Any CPU.Build.0 = Release|Any CPU
		{E6256603-D855-4104-B11F-C68D6DD01128}.Debug|Any CPU.ActiveCfg = Debug|Any CPU
		{E6256603-D855-4104-B11F-C68D6DD01128}.Debug|Any CPU.Build.0 = Debug|Any CPU
		{E6256603-D855-4104-B11F-C68D6DD01128}.Release|Any CPU.ActiveCfg = Release|Any CPU
		{E6256603-D855-4104-B11F-C68D6DD01128}.Release|Any CPU.Build.0 = Release|Any CPU
		{DE27995D-31F6-4D79-BAC8-BB2C6119A112}.Debug|Any CPU.ActiveCfg = Debug|Any CPU
		{DE27995D-31F6-4D79-BAC8-BB2C6119A112}.Debug|Any CPU.Build.0 = Debug|Any CPU
		{DE27995D-31F6-4D79-BAC8-BB2C6119A112}.Release|Any CPU.ActiveCfg = Release|Any CPU
		{DE27995D-31F6-4D79-BAC8-BB2C6119A112}.Release|Any CPU.Build.0 = Release|Any CPU
		{A3640AFC-8E17-46DD-BB76-629A7C844384}.Debug|Any CPU.ActiveCfg = Debug|Any CPU
		{A3640AFC-8E17-46DD-BB76-629A7C844384}.Debug|Any CPU.Build.0 = Debug|Any CPU
		{A3640AFC-8E17-46DD-BB76-629A7C844384}.Release|Any CPU.ActiveCfg = Release|Any CPU
		{A3640AFC-8E17-46DD-BB76-629A7C844384}.Release|Any CPU.Build.0 = Release|Any CPU
		{F68E7694-908D-4EF4-9BD8-0CDE5A1E276B}.Debug|Any CPU.ActiveCfg = Debug|Any CPU
		{F68E7694-908D-4EF4-9BD8-0CDE5A1E276B}.Debug|Any CPU.Build.0 = Debug|Any CPU
		{F68E7694-908D-4EF4-9BD8-0CDE5A1E276B}.Release|Any CPU.ActiveCfg = Release|Any CPU
		{F68E7694-908D-4EF4-9BD8-0CDE5A1E276B}.Release|Any CPU.Build.0 = Release|Any CPU
		{044DE341-433F-5702-4D82-2BB3FD3832E3}.Debug|Any CPU.ActiveCfg = Debug|Any CPU
		{044DE341-433F-5702-4D82-2BB3FD3832E3}.Debug|Any CPU.Build.0 = Debug|Any CPU
		{044DE341-433F-5702-4D82-2BB3FD3832E3}.Release|Any CPU.ActiveCfg = Release|Any CPU
		{044DE341-433F-5702-4D82-2BB3FD3832E3}.Release|Any CPU.Build.0 = Release|Any CPU
		{15ADFCBE-9B56-7B0A-7AE5-771D29B1F4C9}.Debug|Any CPU.ActiveCfg = Debug|Any CPU
		{15ADFCBE-9B56-7B0A-7AE5-771D29B1F4C9}.Debug|Any CPU.Build.0 = Debug|Any CPU
		{15ADFCBE-9B56-7B0A-7AE5-771D29B1F4C9}.Release|Any CPU.ActiveCfg = Release|Any CPU
		{15ADFCBE-9B56-7B0A-7AE5-771D29B1F4C9}.Release|Any CPU.Build.0 = Release|Any CPU
		{FEBF851F-917B-C45E-D2B8-7873FE9FDB40}.Debug|Any CPU.ActiveCfg = Debug|Any CPU
		{FEBF851F-917B-C45E-D2B8-7873FE9FDB40}.Debug|Any CPU.Build.0 = Debug|Any CPU
		{FEBF851F-917B-C45E-D2B8-7873FE9FDB40}.Release|Any CPU.ActiveCfg = Release|Any CPU
		{FEBF851F-917B-C45E-D2B8-7873FE9FDB40}.Release|Any CPU.Build.0 = Release|Any CPU
		{92C92FD4-253A-352A-CA1D-8ACA5E5F3868}.Debug|Any CPU.ActiveCfg = Debug|Any CPU
		{92C92FD4-253A-352A-CA1D-8ACA5E5F3868}.Debug|Any CPU.Build.0 = Debug|Any CPU
		{92C92FD4-253A-352A-CA1D-8ACA5E5F3868}.Release|Any CPU.ActiveCfg = Release|Any CPU
		{92C92FD4-253A-352A-CA1D-8ACA5E5F3868}.Release|Any CPU.Build.0 = Release|Any CPU
		{FABC0CC8-7E79-3D9B-8D56-17C4207BB104}.Debug|Any CPU.ActiveCfg = Debug|Any CPU
		{FABC0CC8-7E79-3D9B-8D56-17C4207BB104}.Debug|Any CPU.Build.0 = Debug|Any CPU
		{FABC0CC8-7E79-3D9B-8D56-17C4207BB104}.Release|Any CPU.ActiveCfg = Release|Any CPU
		{FABC0CC8-7E79-3D9B-8D56-17C4207BB104}.Release|Any CPU.Build.0 = Release|Any CPU
		{516608AC-D5C6-4614-AE74-DD4D81028E54}.Debug|Any CPU.ActiveCfg = Debug|Any CPU
		{516608AC-D5C6-4614-AE74-DD4D81028E54}.Debug|Any CPU.Build.0 = Debug|Any CPU
		{516608AC-D5C6-4614-AE74-DD4D81028E54}.Release|Any CPU.ActiveCfg = Release|Any CPU
		{516608AC-D5C6-4614-AE74-DD4D81028E54}.Release|Any CPU.Build.0 = Release|Any CPU
		{9D5AC410-CF9D-49FE-A348-9A892B4A0E12}.Debug|Any CPU.ActiveCfg = Debug|Any CPU
		{9D5AC410-CF9D-49FE-A348-9A892B4A0E12}.Debug|Any CPU.Build.0 = Debug|Any CPU
		{9D5AC410-CF9D-49FE-A348-9A892B4A0E12}.Release|Any CPU.ActiveCfg = Release|Any CPU
		{9D5AC410-CF9D-49FE-A348-9A892B4A0E12}.Release|Any CPU.Build.0 = Release|Any CPU
		{D01918B4-B697-4977-922A-2F412827608C}.Debug|Any CPU.ActiveCfg = Debug|Any CPU
		{D01918B4-B697-4977-922A-2F412827608C}.Debug|Any CPU.Build.0 = Debug|Any CPU
		{D01918B4-B697-4977-922A-2F412827608C}.Release|Any CPU.ActiveCfg = Release|Any CPU
		{D01918B4-B697-4977-922A-2F412827608C}.Release|Any CPU.Build.0 = Release|Any CPU
		{866AD9B2-CE76-4383-8B68-720D6A214313}.Debug|Any CPU.ActiveCfg = Debug|Any CPU
		{866AD9B2-CE76-4383-8B68-720D6A214313}.Debug|Any CPU.Build.0 = Debug|Any CPU
		{866AD9B2-CE76-4383-8B68-720D6A214313}.Release|Any CPU.ActiveCfg = Release|Any CPU
		{866AD9B2-CE76-4383-8B68-720D6A214313}.Release|Any CPU.Build.0 = Release|Any CPU
		{7EE80577-D4A1-4452-ACFB-F6D6B2DED6F4}.Debug|Any CPU.ActiveCfg = Debug|Any CPU
		{7EE80577-D4A1-4452-ACFB-F6D6B2DED6F4}.Debug|Any CPU.Build.0 = Debug|Any CPU
		{7EE80577-D4A1-4452-ACFB-F6D6B2DED6F4}.Release|Any CPU.ActiveCfg = Release|Any CPU
		{7EE80577-D4A1-4452-ACFB-F6D6B2DED6F4}.Release|Any CPU.Build.0 = Release|Any CPU
		{EB815C14-6998-463C-865F-EFF2DC2639EA}.Debug|Any CPU.ActiveCfg = Debug|Any CPU
		{EB815C14-6998-463C-865F-EFF2DC2639EA}.Debug|Any CPU.Build.0 = Debug|Any CPU
		{EB815C14-6998-463C-865F-EFF2DC2639EA}.Release|Any CPU.ActiveCfg = Release|Any CPU
		{EB815C14-6998-463C-865F-EFF2DC2639EA}.Release|Any CPU.Build.0 = Release|Any CPU
		{888164EA-0FA4-4481-921A-0BC009EA7E40}.Debug|Any CPU.ActiveCfg = Debug|Any CPU
		{888164EA-0FA4-4481-921A-0BC009EA7E40}.Debug|Any CPU.Build.0 = Debug|Any CPU
		{888164EA-0FA4-4481-921A-0BC009EA7E40}.Release|Any CPU.ActiveCfg = Release|Any CPU
		{888164EA-0FA4-4481-921A-0BC009EA7E40}.Release|Any CPU.Build.0 = Release|Any CPU
		{4CAE9788-39C3-4C85-84D7-796C55329860}.Debug|Any CPU.ActiveCfg = Debug|Any CPU
		{4CAE9788-39C3-4C85-84D7-796C55329860}.Debug|Any CPU.Build.0 = Debug|Any CPU
		{4CAE9788-39C3-4C85-84D7-796C55329860}.Release|Any CPU.ActiveCfg = Release|Any CPU
		{4CAE9788-39C3-4C85-84D7-796C55329860}.Release|Any CPU.Build.0 = Release|Any CPU
	EndGlobalSection
	GlobalSection(SolutionProperties) = preSolution
		HideSolutionNode = FALSE
	EndGlobalSection
	GlobalSection(NestedProjects) = preSolution
		{044DE341-433F-5702-4D82-2BB3FD3832E3} = {02EA681E-C7D8-13C7-8484-4AC65E1B71E8}
		{15ADFCBE-9B56-7B0A-7AE5-771D29B1F4C9} = {02EA681E-C7D8-13C7-8484-4AC65E1B71E8}
		{FEBF851F-917B-C45E-D2B8-7873FE9FDB40} = {02EA681E-C7D8-13C7-8484-4AC65E1B71E8}
		{92C92FD4-253A-352A-CA1D-8ACA5E5F3868} = {02EA681E-C7D8-13C7-8484-4AC65E1B71E8}
		{FABC0CC8-7E79-3D9B-8D56-17C4207BB104} = {02EA681E-C7D8-13C7-8484-4AC65E1B71E8}
		{516608AC-D5C6-4614-AE74-DD4D81028E54} = {02EA681E-C7D8-13C7-8484-4AC65E1B71E8}
		{9D5AC410-CF9D-49FE-A348-9A892B4A0E12} = {73A9B878-7AAD-438B-B6AF-FC6CCB9173A0}
		{D01918B4-B697-4977-922A-2F412827608C} = {73A9B878-7AAD-438B-B6AF-FC6CCB9173A0}
		{866AD9B2-CE76-4383-8B68-720D6A214313} = {73A9B878-7AAD-438B-B6AF-FC6CCB9173A0}
		{7EE80577-D4A1-4452-ACFB-F6D6B2DED6F4} = {73A9B878-7AAD-438B-B6AF-FC6CCB9173A0}
		{EB815C14-6998-463C-865F-EFF2DC2639EA} = {73A9B878-7AAD-438B-B6AF-FC6CCB9173A0}
		{888164EA-0FA4-4481-921A-0BC009EA7E40} = {5AF4DD5F-A630-4FBF-B914-3B14A48F56A6}
		{4CAE9788-39C3-4C85-84D7-796C55329860} = {5AF4DD5F-A630-4FBF-B914-3B14A48F56A6}
	EndGlobalSection
	GlobalSection(ExtensibilityGlobals) = postSolution
		SolutionGuid = {E2379789-48F6-4083-9D3C-164394977F51}
	EndGlobalSection
EndGlobal
