
Microsoft Visual Studio Solution File, Format Version 12.00
# Visual Studio Version 17
VisualStudioVersion = 17.13.35931.197
MinimumVisualStudioVersion = 10.0.40219.1
Project("{FAE04EC0-301F-11D3-BF4B-00C04F79EFBC}") = "FirstDegree", "FirstDegree\FirstDegree.csproj", "{758366F3-7708-4B03-9242-FC5CE2DB1ABA}"
EndProject
Project("{FAE04EC0-301F-11D3-BF4B-00C04F79EFBC}") = "SimpleCalculation", "SimpleCalculation\SimpleCalculation.csproj", "{8C0CFE60-E613-4B46-9755-3F8F84F88D57}"
EndProject
Project("{FAE04EC0-301F-11D3-BF4B-00C04F79EFBC}") = "FullStructureProject", "FullStructureProject\FullStructureProject.csproj", "{75B499FD-DD94-4859-89B6-D195FBEEB155}"
EndProject
Project("{FAE04EC0-301F-11D3-BF4B-00C04F79EFBC}") = "VarAndDynamic", "VarAndDynamic\VarAndDynamic.csproj", "{55AE1838-0D52-49B1-A3D0-63870D1AC0AF}"
EndProject
Project("{FAE04EC0-301F-11D3-BF4B-00C04F79EFBC}") = "QuadraticEquation", "QuadraticEquation\QuadraticEquation.csproj", "{8DDDE08E-CF74-40A7-88DF-8C66AD894F50}"
EndProject
Project("{FAE04EC0-301F-11D3-BF4B-00C04F79EFBC}") = "StringInteraction", "StringInteraction\StringInteraction.csproj", "{56A39D94-BED2-4265-901C-34C0459812EA}"
EndProject
Project("{FAE04EC0-301F-11D3-BF4B-00C04F79EFBC}") = "CallByReference", "CallByReference\CallByReference.csproj", "{24AC3134-6443-4DC7-ADD3-A4D2E4848EC1}"
EndProject
Project("{FAE04EC0-301F-11D3-BF4B-00C04F79EFBC}") = "TryParseVaLoop", "TryParseVaLoop\TryParseVaLoop.csproj", "{3E5BBA4E-08E3-465D-A3D6-008A793F0327}"
EndProject
Project("{FAE04EC0-301F-11D3-BF4B-00C04F79EFBC}") = "Paramforaray", "Paramforaray\Paramforaray.csproj", "{4F01D8D5-446D-44AB-88D8-B6A6F10D62F9}"
EndProject
Project("{FAE04EC0-301F-11D3-BF4B-00C04F79EFBC}") = "StaticandnonStatic", "StaticandnonStatic\StaticandnonStatic.csproj", "{061D2D5E-BE83-4441-A8E0-F81DCCC1A8FA}"
EndProject
Project("{FAE04EC0-301F-11D3-BF4B-00C04F79EFBC}") = "Tuplesample", "Tuplesample\Tuplesample.csproj", "{9D4F4586-EA2D-458D-8226-A8665F7B00BD}"
EndProject
Project("{FAE04EC0-301F-11D3-BF4B-00C04F79EFBC}") = "SortArray", "SortArray\SortArray.csproj", "{CC831AE0-7F1E-452A-B029-086AB5B3E1C1}"
EndProject
Project("{FAE04EC0-301F-11D3-BF4B-00C04F79EFBC}") = "NextLoop", "NextLoop\NextLoop.csproj", "{F242B750-66B8-48E3-9CBB-F76B83CCC7BB}"
EndProject
Project("{FAE04EC0-301F-11D3-BF4B-00C04F79EFBC}") = "OOP1", "OOP1\OOP1.csproj", "{5F73EA24-6EFC-4A9F-8EAF-21BFFBF1E72A}"
EndProject
Project("{FAE04EC0-301F-11D3-BF4B-00C04F79EFBC}") = "OOP2", "OOP2\OOP2.csproj", "{50822C81-0428-4BC5-AD0B-F15F7AEE95F9}"
EndProject
Project("{FAE04EC0-301F-11D3-BF4B-00C04F79EFBC}") = "OOP3_ExtensionMethod", "OOP3_ExtensionMethod\OOP3_ExtensionMethod.csproj", "{2408A0C3-6CBA-4F31-9391-1C53C986FFB8}"
EndProject
Project("{FAE04EC0-301F-11D3-BF4B-00C04F79EFBC}") = "OOP2_Reuse_As_Library", "OOP2_Reuse_As_Library\OOP2_Reuse_As_Library.csproj", "{6B12BD6C-1490-45C5-B45A-32D104C34296}"
EndProject
Project("{FAE04EC0-301F-11D3-BF4B-00C04F79EFBC}") = "OOP4_Generic_Collection", "OOP4_Generic_Collection\OOP4_Generic_Collection.csproj", "{31446F59-4A94-4D9F-9D57-1EF7878DE085}"
EndProject
Project("{FAE04EC0-301F-11D3-BF4B-00C04F79EFBC}") = "OOP5_Dictionary", "OOP5_Dictionary\OOP5_Dictionary.csproj", "{00776609-68DD-455E-A09C-E8E7F41DECA4}"
EndProject
Global
	GlobalSection(SolutionConfigurationPlatforms) = preSolution
		Debug|Any CPU = Debug|Any CPU
		Release|Any CPU = Release|Any CPU
	EndGlobalSection
	GlobalSection(ProjectConfigurationPlatforms) = postSolution
		{758366F3-7708-4B03-9242-FC5CE2DB1ABA}.Debug|Any CPU.ActiveCfg = Debug|Any CPU
		{758366F3-7708-4B03-9242-FC5CE2DB1ABA}.Debug|Any CPU.Build.0 = Debug|Any CPU
		{758366F3-7708-4B03-9242-FC5CE2DB1ABA}.Release|Any CPU.ActiveCfg = Release|Any CPU
		{758366F3-7708-4B03-9242-FC5CE2DB1ABA}.Release|Any CPU.Build.0 = Release|Any CPU
		{8C0CFE60-E613-4B46-9755-3F8F84F88D57}.Debug|Any CPU.ActiveCfg = Debug|Any CPU
		{8C0CFE60-E613-4B46-9755-3F8F84F88D57}.Debug|Any CPU.Build.0 = Debug|Any CPU
		{8C0CFE60-E613-4B46-9755-3F8F84F88D57}.Release|Any CPU.ActiveCfg = Release|Any CPU
		{8C0CFE60-E613-4B46-9755-3F8F84F88D57}.Release|Any CPU.Build.0 = Release|Any CPU
		{75B499FD-DD94-4859-89B6-D195FBEEB155}.Debug|Any CPU.ActiveCfg = Debug|Any CPU
		{75B499FD-DD94-4859-89B6-D195FBEEB155}.Debug|Any CPU.Build.0 = Debug|Any CPU
		{75B499FD-DD94-4859-89B6-D195FBEEB155}.Release|Any CPU.ActiveCfg = Release|Any CPU
		{75B499FD-DD94-4859-89B6-D195FBEEB155}.Release|Any CPU.Build.0 = Release|Any CPU
		{55AE1838-0D52-49B1-A3D0-63870D1AC0AF}.Debug|Any CPU.ActiveCfg = Debug|Any CPU
		{55AE1838-0D52-49B1-A3D0-63870D1AC0AF}.Debug|Any CPU.Build.0 = Debug|Any CPU
		{55AE1838-0D52-49B1-A3D0-63870D1AC0AF}.Release|Any CPU.ActiveCfg = Release|Any CPU
		{55AE1838-0D52-49B1-A3D0-63870D1AC0AF}.Release|Any CPU.Build.0 = Release|Any CPU
		{8DDDE08E-CF74-40A7-88DF-8C66AD894F50}.Debug|Any CPU.ActiveCfg = Debug|Any CPU
		{8DDDE08E-CF74-40A7-88DF-8C66AD894F50}.Debug|Any CPU.Build.0 = Debug|Any CPU
		{8DDDE08E-CF74-40A7-88DF-8C66AD894F50}.Release|Any CPU.ActiveCfg = Release|Any CPU
		{8DDDE08E-CF74-40A7-88DF-8C66AD894F50}.Release|Any CPU.Build.0 = Release|Any CPU
		{56A39D94-BED2-4265-901C-34C0459812EA}.Debug|Any CPU.ActiveCfg = Debug|Any CPU
		{56A39D94-BED2-4265-901C-34C0459812EA}.Debug|Any CPU.Build.0 = Debug|Any CPU
		{56A39D94-BED2-4265-901C-34C0459812EA}.Release|Any CPU.ActiveCfg = Release|Any CPU
		{56A39D94-BED2-4265-901C-34C0459812EA}.Release|Any CPU.Build.0 = Release|Any CPU
		{24AC3134-6443-4DC7-ADD3-A4D2E4848EC1}.Debug|Any CPU.ActiveCfg = Debug|Any CPU
		{24AC3134-6443-4DC7-ADD3-A4D2E4848EC1}.Debug|Any CPU.Build.0 = Debug|Any CPU
		{24AC3134-6443-4DC7-ADD3-A4D2E4848EC1}.Release|Any CPU.ActiveCfg = Release|Any CPU
		{24AC3134-6443-4DC7-ADD3-A4D2E4848EC1}.Release|Any CPU.Build.0 = Release|Any CPU
		{3E5BBA4E-08E3-465D-A3D6-008A793F0327}.Debug|Any CPU.ActiveCfg = Debug|Any CPU
		{3E5BBA4E-08E3-465D-A3D6-008A793F0327}.Debug|Any CPU.Build.0 = Debug|Any CPU
		{3E5BBA4E-08E3-465D-A3D6-008A793F0327}.Release|Any CPU.ActiveCfg = Release|Any CPU
		{3E5BBA4E-08E3-465D-A3D6-008A793F0327}.Release|Any CPU.Build.0 = Release|Any CPU
		{4F01D8D5-446D-44AB-88D8-B6A6F10D62F9}.Debug|Any CPU.ActiveCfg = Debug|Any CPU
		{4F01D8D5-446D-44AB-88D8-B6A6F10D62F9}.Debug|Any CPU.Build.0 = Debug|Any CPU
		{4F01D8D5-446D-44AB-88D8-B6A6F10D62F9}.Release|Any CPU.ActiveCfg = Release|Any CPU
		{4F01D8D5-446D-44AB-88D8-B6A6F10D62F9}.Release|Any CPU.Build.0 = Release|Any CPU
		{061D2D5E-BE83-4441-A8E0-F81DCCC1A8FA}.Debug|Any CPU.ActiveCfg = Debug|Any CPU
		{061D2D5E-BE83-4441-A8E0-F81DCCC1A8FA}.Debug|Any CPU.Build.0 = Debug|Any CPU
		{061D2D5E-BE83-4441-A8E0-F81DCCC1A8FA}.Release|Any CPU.ActiveCfg = Release|Any CPU
		{061D2D5E-BE83-4441-A8E0-F81DCCC1A8FA}.Release|Any CPU.Build.0 = Release|Any CPU
		{9D4F4586-EA2D-458D-8226-A8665F7B00BD}.Debug|Any CPU.ActiveCfg = Debug|Any CPU
		{9D4F4586-EA2D-458D-8226-A8665F7B00BD}.Debug|Any CPU.Build.0 = Debug|Any CPU
		{9D4F4586-EA2D-458D-8226-A8665F7B00BD}.Release|Any CPU.ActiveCfg = Release|Any CPU
		{9D4F4586-EA2D-458D-8226-A8665F7B00BD}.Release|Any CPU.Build.0 = Release|Any CPU
		{CC831AE0-7F1E-452A-B029-086AB5B3E1C1}.Debug|Any CPU.ActiveCfg = Debug|Any CPU
		{CC831AE0-7F1E-452A-B029-086AB5B3E1C1}.Debug|Any CPU.Build.0 = Debug|Any CPU
		{CC831AE0-7F1E-452A-B029-086AB5B3E1C1}.Release|Any CPU.ActiveCfg = Release|Any CPU
		{CC831AE0-7F1E-452A-B029-086AB5B3E1C1}.Release|Any CPU.Build.0 = Release|Any CPU
		{F242B750-66B8-48E3-9CBB-F76B83CCC7BB}.Debug|Any CPU.ActiveCfg = Debug|Any CPU
		{F242B750-66B8-48E3-9CBB-F76B83CCC7BB}.Debug|Any CPU.Build.0 = Debug|Any CPU
		{F242B750-66B8-48E3-9CBB-F76B83CCC7BB}.Release|Any CPU.ActiveCfg = Release|Any CPU
		{F242B750-66B8-48E3-9CBB-F76B83CCC7BB}.Release|Any CPU.Build.0 = Release|Any CPU
		{5F73EA24-6EFC-4A9F-8EAF-21BFFBF1E72A}.Debug|Any CPU.ActiveCfg = Debug|Any CPU
		{5F73EA24-6EFC-4A9F-8EAF-21BFFBF1E72A}.Debug|Any CPU.Build.0 = Debug|Any CPU
		{5F73EA24-6EFC-4A9F-8EAF-21BFFBF1E72A}.Release|Any CPU.ActiveCfg = Release|Any CPU
		{5F73EA24-6EFC-4A9F-8EAF-21BFFBF1E72A}.Release|Any CPU.Build.0 = Release|Any CPU
		{50822C81-0428-4BC5-AD0B-F15F7AEE95F9}.Debug|Any CPU.ActiveCfg = Debug|Any CPU
		{50822C81-0428-4BC5-AD0B-F15F7AEE95F9}.Debug|Any CPU.Build.0 = Debug|Any CPU
		{50822C81-0428-4BC5-AD0B-F15F7AEE95F9}.Release|Any CPU.ActiveCfg = Release|Any CPU
		{50822C81-0428-4BC5-AD0B-F15F7AEE95F9}.Release|Any CPU.Build.0 = Release|Any CPU
		{2408A0C3-6CBA-4F31-9391-1C53C986FFB8}.Debug|Any CPU.ActiveCfg = Debug|Any CPU
		{2408A0C3-6CBA-4F31-9391-1C53C986FFB8}.Debug|Any CPU.Build.0 = Debug|Any CPU
		{2408A0C3-6CBA-4F31-9391-1C53C986FFB8}.Release|Any CPU.ActiveCfg = Release|Any CPU
		{2408A0C3-6CBA-4F31-9391-1C53C986FFB8}.Release|Any CPU.Build.0 = Release|Any CPU
		{6B12BD6C-1490-45C5-B45A-32D104C34296}.Debug|Any CPU.ActiveCfg = Debug|Any CPU
		{6B12BD6C-1490-45C5-B45A-32D104C34296}.Debug|Any CPU.Build.0 = Debug|Any CPU
		{6B12BD6C-1490-45C5-B45A-32D104C34296}.Release|Any CPU.ActiveCfg = Release|Any CPU
		{6B12BD6C-1490-45C5-B45A-32D104C34296}.Release|Any CPU.Build.0 = Release|Any CPU
		{31446F59-4A94-4D9F-9D57-1EF7878DE085}.Debug|Any CPU.ActiveCfg = Debug|Any CPU
		{31446F59-4A94-4D9F-9D57-1EF7878DE085}.Debug|Any CPU.Build.0 = Debug|Any CPU
		{31446F59-4A94-4D9F-9D57-1EF7878DE085}.Release|Any CPU.ActiveCfg = Release|Any CPU
		{31446F59-4A94-4D9F-9D57-1EF7878DE085}.Release|Any CPU.Build.0 = Release|Any CPU
		{00776609-68DD-455E-A09C-E8E7F41DECA4}.Debug|Any CPU.ActiveCfg = Debug|Any CPU
		{00776609-68DD-455E-A09C-E8E7F41DECA4}.Debug|Any CPU.Build.0 = Debug|Any CPU
		{00776609-68DD-455E-A09C-E8E7F41DECA4}.Release|Any CPU.ActiveCfg = Release|Any CPU
		{00776609-68DD-455E-A09C-E8E7F41DECA4}.Release|Any CPU.Build.0 = Release|Any CPU
	EndGlobalSection
	GlobalSection(SolutionProperties) = preSolution
		HideSolutionNode = FALSE
	EndGlobalSection
	GlobalSection(NestedProjects) = preSolution
		{044DE341-433F-5702-4D82-2BB3FD3832E3} = {02EA681E-C7D8-13C7-8484-4AC65E1B71E8}
		{15ADFCBE-9B56-7B0A-7AE5-771D29B1F4C9} = {02EA681E-C7D8-13C7-8484-4AC65E1B71E8}
		{FEBF851F-917B-C45E-D2B8-7873FE9FDB40} = {02EA681E-C7D8-13C7-8484-4AC65E1B71E8}
		{92C92FD4-253A-352A-CA1D-8ACA5E5F3868} = {02EA681E-C7D8-13C7-8484-4AC65E1B71E8}
		{FABC0CC8-7E79-3D9B-8D56-17C4207BB104} = {02EA681E-C7D8-13C7-8484-4AC65E1B71E8}
		{9C3C481D-695C-4910-B856-B132D3E586A0} = {02EA681E-C7D8-13C7-8484-4AC65E1B71E8}
		{487B645E-CB7A-429C-B00E-0B3F68CD7DEA} = {01CE787E-148F-493C-A8F5-027CA136201E}
		{9A3DEC06-AC50-4D74-A98F-BCB606D587EA} = {01CE787E-148F-493C-A8F5-027CA136201E}
		{9F166D0C-BAB1-43F6-AE6E-5861DA3F088E} = {01CE787E-148F-493C-A8F5-027CA136201E}
		{4552190D-8CF7-4C33-882D-C9BCDB8C4AAC} = {01CE787E-148F-493C-A8F5-027CA136201E}
	EndGlobalSection
	GlobalSection(ExtensibilityGlobals) = postSolution
		SolutionGuid = {06D9339D-4F17-4A22-BC72-055BA031A885}
	EndGlobalSection
EndGlobal
